
Microsoft Visual Studio Solution File, Format Version 12.00
# Visual Studio Version 16
VisualStudioVersion = 16.0.34301.259
MinimumVisualStudioVersion = 10.0.40219.1
Project("{FAE04EC0-301F-11D3-BF4B-00C04F79EFBC}") = "RandomNumberGenerator", "RandomNumberGenerator\RandomNumberGenerator.csproj", "{7C9BCE53-7E77-4BF2-A0AD-CE0BE0820374}"
EndProject
Global
	GlobalSection(SolutionConfigurationPlatforms) = preSolution
		Debug|Any CPU = Debug|Any CPU
		Release|Any CPU = Release|Any CPU
	EndGlobalSection
	GlobalSection(ProjectConfigurationPlatforms) = postSolution
		{7C9BCE53-7E77-4BF2-A0AD-CE0BE0820374}.Debug|Any CPU.ActiveCfg = Debug|Any CPU
		{7C9BCE53-7E77-4BF2-A0AD-CE0BE0820374}.Debug|Any CPU.Build.0 = Debug|Any CPU
		{7C9BCE53-7E77-4BF2-A0AD-CE0BE0820374}.Release|Any CPU.ActiveCfg = Release|Any CPU
		{7C9BCE53-7E77-4BF2-A0AD-CE0BE0820374}.Release|Any CPU.Build.0 = Release|Any CPU
	EndGlobalSection
	GlobalSection(SolutionProperties) = preSolution
		HideSolutionNode = FALSE
	EndGlobalSection
	GlobalSection(ExtensibilityGlobals) = postSolution
		SolutionGuid = {5890D3D9-CDA9-4C02-9ED6-3E01213ACE60}
	EndGlobalSection
EndGlobal
